
Microsoft Visual Studio Solution File, Format Version 12.00
# Visual Studio Version 17
VisualStudioVersion = 17.2.32630.192
MinimumVisualStudioVersion = 10.0.40219.1
Project("{FAE04EC0-301F-11D3-BF4B-00C04F79EFBC}") = "WebApiAppUserLogin", "WebApiAppUserLogin\WebApiAppUserLogin.csproj", "{238977E6-7F48-40F2-A7E5-0E48D3343744}"
EndProject
Global
	GlobalSection(SolutionConfigurationPlatforms) = preSolution
		Debug|Any CPU = Debug|Any CPU
		Release|Any CPU = Release|Any CPU
	EndGlobalSection
	GlobalSection(ProjectConfigurationPlatforms) = postSolution
		{238977E6-7F48-40F2-A7E5-0E48D3343744}.Debug|Any CPU.ActiveCfg = Debug|Any CPU
		{238977E6-7F48-40F2-A7E5-0E48D3343744}.Debug|Any CPU.Build.0 = Debug|Any CPU
		{238977E6-7F48-40F2-A7E5-0E48D3343744}.Release|Any CPU.ActiveCfg = Release|Any CPU
		{238977E6-7F48-40F2-A7E5-0E48D3343744}.Release|Any CPU.Build.0 = Release|Any CPU
	EndGlobalSection
	GlobalSection(SolutionProperties) = preSolution
		HideSolutionNode = FALSE
	EndGlobalSection
	GlobalSection(ExtensibilityGlobals) = postSolution
		SolutionGuid = {872D3297-E825-4E8E-A750-B55D5DF53A41}
	EndGlobalSection
EndGlobal
